
Microsoft Visual Studio Solution File, Format Version 12.00
# Visual Studio 2012
Project("{2150E333-8FDC-42A3-9474-1A3956D46DE8}") = "app", "app", "{21DD489C-8AFB-474C-BB02-888935B3ED34}"
EndProject
Project("{FAE04EC0-301F-11D3-BF4B-00C04F79EFBC}") = "CHAOS.Portal.Indexing.Extension", "src\app\CHAOS.Portal.Indexing.Extension\CHAOS.Portal.Indexing.Extension.csproj", "{2F9BBDED-B839-4C9B-AD97-EE1ABED0B7E4}"
EndProject
Project("{2150E333-8FDC-42A3-9474-1A3956D46DE8}") = "test", "test", "{3C52EA4E-8F54-42F6-8AAA-6A793D173040}"
EndProject
Project("{2150E333-8FDC-42A3-9474-1A3956D46DE8}") = "build", "build", "{727B12F0-22F4-4629-B393-0F9AA581E57C}"
	ProjectSection(SolutionItems) = preProject
		build\CHAOS.Portal.Indexing.build = build\CHAOS.Portal.Indexing.build
	EndProjectSection
EndProject
Global
	GlobalSection(SolutionConfigurationPlatforms) = preSolution
		Debug|Any CPU = Debug|Any CPU
		Release|Any CPU = Release|Any CPU
	EndGlobalSection
	GlobalSection(ProjectConfigurationPlatforms) = postSolution
		{2F9BBDED-B839-4C9B-AD97-EE1ABED0B7E4}.Debug|Any CPU.ActiveCfg = Debug|Any CPU
		{2F9BBDED-B839-4C9B-AD97-EE1ABED0B7E4}.Debug|Any CPU.Build.0 = Debug|Any CPU
		{2F9BBDED-B839-4C9B-AD97-EE1ABED0B7E4}.Release|Any CPU.ActiveCfg = Release|Any CPU
		{2F9BBDED-B839-4C9B-AD97-EE1ABED0B7E4}.Release|Any CPU.Build.0 = Release|Any CPU
	EndGlobalSection
	GlobalSection(SolutionProperties) = preSolution
		HideSolutionNode = FALSE
	EndGlobalSection
	GlobalSection(NestedProjects) = preSolution
		{2F9BBDED-B839-4C9B-AD97-EE1ABED0B7E4} = {21DD489C-8AFB-474C-BB02-888935B3ED34}
	EndGlobalSection
EndGlobal
